
Microsoft Visual Studio Solution File, Format Version 12.00
# Visual Studio Version 17
VisualStudioVersion = 17.0.31903.59
MinimumVisualStudioVersion = 10.0.40219.1
Project("{2150E333-8FDC-42A3-9474-1A3956D46DE8}") = "src", "src", "{827E0CD3-B72D-47B6-A68D-7590B98EB39B}"
EndProject
Project("{FAE04EC0-301F-11D3-BF4B-00C04F79EFBC}") = "RewardEngine.Api", "src\RewardEngine.Api\RewardEngine.Api.csproj", "{20C0FA68-D6DA-400C-B738-28210EF042F3}"
EndProject
Project("{FAE04EC0-301F-11D3-BF4B-00C04F79EFBC}") = "RewardEngine.Application", "src\RewardEngine.Application\RewardEngine.Application.csproj", "{1A6ECE32-BF2F-4880-94C8-E68A66F3468B}"
EndProject
Project("{FAE04EC0-301F-11D3-BF4B-00C04F79EFBC}") = "RewardEngine.Domain", "src\RewardEngine.Domain\RewardEngine.Domain.csproj", "{C0C6410B-2620-435E-B736-A8088A51362D}"
EndProject
Project("{FAE04EC0-301F-11D3-BF4B-00C04F79EFBC}") = "RewardEngine.Infrastructure", "src\RewardEngine.Infrastructure\RewardEngine.Infrastructure.csproj", "{4590670F-5707-467A-8F46-5EC57439C99D}"
EndProject
Project("{FAE04EC0-301F-11D3-BF4B-00C04F79EFBC}") = "RewardEngine.Worker", "src\RewardEngine.Worker\RewardEngine.Worker.csproj", "{C247D209-59DD-4BA6-8162-7FB94FB71053}"
EndProject
Project("{FAE04EC0-301F-11D3-BF4B-00C04F79EFBC}") = "RewardEngine.UnitTests", "tests\RewardEngine.UnitTests\RewardEngine.UnitTests.csproj", "{71508810-C62C-44EA-8B00-A1A46B3A5AAB}"
EndProject
Project("{FAE04EC0-301F-11D3-BF4B-00C04F79EFBC}") = "RewardEngine.IntegrationTests", "tests\RewardEngine.IntegrationTests\RewardEngine.IntegrationTests.csproj", "{33DFB978-A21A-4F4F-94A5-67BDB1D11DE2}"
EndProject
Global
	GlobalSection(SolutionConfigurationPlatforms) = preSolution
		Debug|Any CPU = Debug|Any CPU
		Debug|x64 = Debug|x64
		Debug|x86 = Debug|x86
		Release|Any CPU = Release|Any CPU
		Release|x64 = Release|x64
		Release|x86 = Release|x86
	EndGlobalSection
	GlobalSection(ProjectConfigurationPlatforms) = postSolution
		{20C0FA68-D6DA-400C-B738-28210EF042F3}.Debug|Any CPU.ActiveCfg = Debug|Any CPU
		{20C0FA68-D6DA-400C-B738-28210EF042F3}.Debug|Any CPU.Build.0 = Debug|Any CPU
		{20C0FA68-D6DA-400C-B738-28210EF042F3}.Debug|x64.ActiveCfg = Debug|Any CPU
		{20C0FA68-D6DA-400C-B738-28210EF042F3}.Debug|x64.Build.0 = Debug|Any CPU
		{20C0FA68-D6DA-400C-B738-28210EF042F3}.Debug|x86.ActiveCfg = Debug|Any CPU
		{20C0FA68-D6DA-400C-B738-28210EF042F3}.Debug|x86.Build.0 = Debug|Any CPU
		{20C0FA68-D6DA-400C-B738-28210EF042F3}.Release|Any CPU.ActiveCfg = Release|Any CPU
		{20C0FA68-D6DA-400C-B738-28210EF042F3}.Release|Any CPU.Build.0 = Release|Any CPU
		{20C0FA68-D6DA-400C-B738-28210EF042F3}.Release|x64.ActiveCfg = Release|Any CPU
		{20C0FA68-D6DA-400C-B738-28210EF042F3}.Release|x64.Build.0 = Release|Any CPU
		{20C0FA68-D6DA-400C-B738-28210EF042F3}.Release|x86.ActiveCfg = Release|Any CPU
		{20C0FA68-D6DA-400C-B738-28210EF042F3}.Release|x86.Build.0 = Release|Any CPU
		{1A6ECE32-BF2F-4880-94C8-E68A66F3468B}.Debug|Any CPU.ActiveCfg = Debug|Any CPU
		{1A6ECE32-BF2F-4880-94C8-E68A66F3468B}.Debug|Any CPU.Build.0 = Debug|Any CPU
		{1A6ECE32-BF2F-4880-94C8-E68A66F3468B}.Debug|x64.ActiveCfg = Debug|Any CPU
		{1A6ECE32-BF2F-4880-94C8-E68A66F3468B}.Debug|x64.Build.0 = Debug|Any CPU
		{1A6ECE32-BF2F-4880-94C8-E68A66F3468B}.Debug|x86.ActiveCfg = Debug|Any CPU
		{1A6ECE32-BF2F-4880-94C8-E68A66F3468B}.Debug|x86.Build.0 = Debug|Any CPU
		{1A6ECE32-BF2F-4880-94C8-E68A66F3468B}.Release|Any CPU.ActiveCfg = Release|Any CPU
		{1A6ECE32-BF2F-4880-94C8-E68A66F3468B}.Release|Any CPU.Build.0 = Release|Any CPU
		{1A6ECE32-BF2F-4880-94C8-E68A66F3468B}.Release|x64.ActiveCfg = Release|Any CPU
		{1A6ECE32-BF2F-4880-94C8-E68A66F3468B}.Release|x64.Build.0 = Release|Any CPU
		{1A6ECE32-BF2F-4880-94C8-E68A66F3468B}.Release|x86.ActiveCfg = Release|Any CPU
		{1A6ECE32-BF2F-4880-94C8-E68A66F3468B}.Release|x86.Build.0 = Release|Any CPU
		{C0C6410B-2620-435E-B736-A8088A51362D}.Debug|Any CPU.ActiveCfg = Debug|Any CPU
		{C0C6410B-2620-435E-B736-A8088A51362D}.Debug|Any CPU.Build.0 = Debug|Any CPU
		{C0C6410B-2620-435E-B736-A8088A51362D}.Debug|x64.ActiveCfg = Debug|Any CPU
		{C0C6410B-2620-435E-B736-A8088A51362D}.Debug|x64.Build.0 = Debug|Any CPU
		{C0C6410B-2620-435E-B736-A8088A51362D}.Debug|x86.ActiveCfg = Debug|Any CPU
		{C0C6410B-2620-435E-B736-A8088A51362D}.Debug|x86.Build.0 = Debug|Any CPU
		{C0C6410B-2620-435E-B736-A8088A51362D}.Release|Any CPU.ActiveCfg = Release|Any CPU
		{C0C6410B-2620-435E-B736-A8088A51362D}.Release|Any CPU.Build.0 = Release|Any CPU
		{C0C6410B-2620-435E-B736-A8088A51362D}.Release|x64.ActiveCfg = Release|Any CPU
		{C0C6410B-2620-435E-B736-A8088A51362D}.Release|x64.Build.0 = Release|Any CPU
		{C0C6410B-2620-435E-B736-A8088A51362D}.Release|x86.ActiveCfg = Release|Any CPU
		{C0C6410B-2620-435E-B736-A8088A51362D}.Release|x86.Build.0 = Release|Any CPU
		{4590670F-5707-467A-8F46-5EC57439C99D}.Debug|Any CPU.ActiveCfg = Debug|Any CPU
		{4590670F-5707-467A-8F46-5EC57439C99D}.Debug|Any CPU.Build.0 = Debug|Any CPU
		{4590670F-5707-467A-8F46-5EC57439C99D}.Debug|x64.ActiveCfg = Debug|Any CPU
		{4590670F-5707-467A-8F46-5EC57439C99D}.Debug|x64.Build.0 = Debug|Any CPU
		{4590670F-5707-467A-8F46-5EC57439C99D}.Debug|x86.ActiveCfg = Debug|Any CPU
		{4590670F-5707-467A-8F46-5EC57439C99D}.Debug|x86.Build.0 = Debug|Any CPU
		{4590670F-5707-467A-8F46-5EC57439C99D}.Release|Any CPU.ActiveCfg = Release|Any CPU
		{4590670F-5707-467A-8F46-5EC57439C99D}.Release|Any CPU.Build.0 = Release|Any CPU
		{4590670F-5707-467A-8F46-5EC57439C99D}.Release|x64.ActiveCfg = Release|Any CPU
		{4590670F-5707-467A-8F46-5EC57439C99D}.Release|x64.Build.0 = Release|Any CPU
		{4590670F-5707-467A-8F46-5EC57439C99D}.Release|x86.ActiveCfg = Release|Any CPU
		{4590670F-5707-467A-8F46-5EC57439C99D}.Release|x86.Build.0 = Release|Any CPU
		{C247D209-59DD-4BA6-8162-7FB94FB71053}.Debug|Any CPU.ActiveCfg = Debug|Any CPU
		{C247D209-59DD-4BA6-8162-7FB94FB71053}.Debug|Any CPU.Build.0 = Debug|Any CPU
		{C247D209-59DD-4BA6-8162-7FB94FB71053}.Debug|x64.ActiveCfg = Debug|Any CPU
		{C247D209-59DD-4BA6-8162-7FB94FB71053}.Debug|x64.Build.0 = Debug|Any CPU
		{C247D209-59DD-4BA6-8162-7FB94FB71053}.Debug|x86.ActiveCfg = Debug|Any CPU
		{C247D209-59DD-4BA6-8162-7FB94FB71053}.Debug|x86.Build.0 = Debug|Any CPU
		{C247D209-59DD-4BA6-8162-7FB94FB71053}.Release|Any CPU.ActiveCfg = Release|Any CPU
		{C247D209-59DD-4BA6-8162-7FB94FB71053}.Release|Any CPU.Build.0 = Release|Any CPU
		{C247D209-59DD-4BA6-8162-7FB94FB71053}.Release|x64.ActiveCfg = Release|Any CPU
		{C247D209-59DD-4BA6-8162-7FB94FB71053}.Release|x64.Build.0 = Release|Any CPU
		{C247D209-59DD-4BA6-8162-7FB94FB71053}.Release|x86.ActiveCfg = Release|Any CPU
		{C247D209-59DD-4BA6-8162-7FB94FB71053}.Release|x86.Build.0 = Release|Any CPU
		{71508810-C62C-44EA-8B00-A1A46B3A5AAB}.Debug|Any CPU.ActiveCfg = Debug|Any CPU
		{71508810-C62C-44EA-8B00-A1A46B3A5AAB}.Debug|Any CPU.Build.0 = Debug|Any CPU
		{71508810-C62C-44EA-8B00-A1A46B3A5AAB}.Debug|x64.ActiveCfg = Debug|Any CPU
		{71508810-C62C-44EA-8B00-A1A46B3A5AAB}.Debug|x64.Build.0 = Debug|Any CPU
		{71508810-C62C-44EA-8B00-A1A46B3A5AAB}.Debug|x86.ActiveCfg = Debug|Any CPU
		{71508810-C62C-44EA-8B00-A1A46B3A5AAB}.Debug|x86.Build.0 = Debug|Any CPU
		{71508810-C62C-44EA-8B00-A1A46B3A5AAB}.Release|Any CPU.ActiveCfg = Release|Any CPU
		{71508810-C62C-44EA-8B00-A1A46B3A5AAB}.Release|Any CPU.Build.0 = Release|Any CPU
		{71508810-C62C-44EA-8B00-A1A46B3A5AAB}.Release|x64.ActiveCfg = Release|Any CPU
		{71508810-C62C-44EA-8B00-A1A46B3A5AAB}.Release|x64.Build.0 = Release|Any CPU
		{71508810-C62C-44EA-8B00-A1A46B3A5AAB}.Release|x86.ActiveCfg = Release|Any CPU
		{71508810-C62C-44EA-8B00-A1A46B3A5AAB}.Release|x86.Build.0 = Release|Any CPU
		{33DFB978-A21A-4F4F-94A5-67BDB1D11DE2}.Debug|Any CPU.ActiveCfg = Debug|Any CPU
		{33DFB978-A21A-4F4F-94A5-67BDB1D11DE2}.Debug|Any CPU.Build.0 = Debug|Any CPU
		{33DFB978-A21A-4F4F-94A5-67BDB1D11DE2}.Debug|x64.ActiveCfg = Debug|Any CPU
		{33DFB978-A21A-4F4F-94A5-67BDB1D11DE2}.Debug|x64.Build.0 = Debug|Any CPU
		{33DFB978-A21A-4F4F-94A5-67BDB1D11DE2}.Debug|x86.ActiveCfg = Debug|Any CPU
		{33DFB978-A21A-4F4F-94A5-67BDB1D11DE2}.Debug|x86.Build.0 = Debug|Any CPU
		{33DFB978-A21A-4F4F-94A5-67BDB1D11DE2}.Release|Any CPU.ActiveCfg = Release|Any CPU
		{33DFB978-A21A-4F4F-94A5-67BDB1D11DE2}.Release|Any CPU.Build.0 = Release|Any CPU
		{33DFB978-A21A-4F4F-94A5-67BDB1D11DE2}.Release|x64.ActiveCfg = Release|Any CPU
		{33DFB978-A21A-4F4F-94A5-67BDB1D11DE2}.Release|x64.Build.0 = Release|Any CPU
		{33DFB978-A21A-4F4F-94A5-67BDB1D11DE2}.Release|x86.ActiveCfg = Release|Any CPU
		{33DFB978-A21A-4F4F-94A5-67BDB1D11DE2}.Release|x86.Build.0 = Release|Any CPU
	EndGlobalSection
	GlobalSection(SolutionProperties) = preSolution
		HideSolutionNode = FALSE
	EndGlobalSection
	GlobalSection(NestedProjects) = preSolution
		{20C0FA68-D6DA-400C-B738-28210EF042F3} = {827E0CD3-B72D-47B6-A68D-7590B98EB39B}
		{1A6ECE32-BF2F-4880-94C8-E68A66F3468B} = {827E0CD3-B72D-47B6-A68D-7590B98EB39B}
		{C0C6410B-2620-435E-B736-A8088A51362D} = {827E0CD3-B72D-47B6-A68D-7590B98EB39B}
		{4590670F-5707-467A-8F46-5EC57439C99D} = {827E0CD3-B72D-47B6-A68D-7590B98EB39B}
		{C247D209-59DD-4BA6-8162-7FB94FB71053} = {827E0CD3-B72D-47B6-A68D-7590B98EB39B}
		{71508810-C62C-44EA-8B00-A1A46B3A5AAB} = {827E0CD3-B72D-47B6-A68D-7590B98EB39B}
		{33DFB978-A21A-4F4F-94A5-67BDB1D11DE2} = {827E0CD3-B72D-47B6-A68D-7590B98EB39B}
	EndGlobalSection
EndGlobal
